
Microsoft Visual Studio Solution File, Format Version 12.00
# Visual Studio Version 17
VisualStudioVersion = 17.0.31903.59
MinimumVisualStudioVersion = 10.0.40219.1
Project("{FAE04EC0-301F-11D3-BF4B-00C04F79EFBC}") = "sas", "sas\sas.csproj", "{246C8BD5-E944-4740-B7B3-0C87FEA22B6F}"
EndProject
Project("{FAE04EC0-301F-11D3-BF4B-00C04F79EFBC}") = "sas.tests", "sas.tests\sas.tests.csproj", "{EC29A3FC-5039-4A5F-B365-49FF9D0D907B}"
EndProject
Project("{FAE04EC0-301F-11D3-BF4B-00C04F79EFBC}") = "sas.nfluent", "sas.nfluent\sas.nfluent.csproj", "{9319191D-7369-41E0-BDA7-84093DEA0754}"
EndProject
Project("{FAE04EC0-301F-11D3-BF4B-00C04F79EFBC}") = "sas.simulators.soap", "sas.simulators.soap\sas.simulators.soap.csproj", "{52E1B58E-2FED-4C14-888C-75289DA75783}"
EndProject
Project("{FAE04EC0-301F-11D3-BF4B-00C04F79EFBC}") = "sas.simulators.nunit", "sas.simulators.nunit\sas.simulators.nunit.csproj", "{FF7F95D5-04D8-4C95-BCDA-ED9F1A3A27A3}"
EndProject
Project("{FAE04EC0-301F-11D3-BF4B-00C04F79EFBC}") = "sas.simulators.http", "sas.simulators.http\sas.simulators.http.csproj", "{CDFB8AA3-F40B-405B-BF33-4A2B3BE563E6}"
EndProject
Project("{FAE04EC0-301F-11D3-BF4B-00C04F79EFBC}") = "sas.simulators.http.tests", "sas.simulators.http.tests\sas.simulators.http.tests.csproj", "{752D4E48-56D5-4531-85E1-A09E5DEF3C8E}"
EndProject
Project("{FAE04EC0-301F-11D3-BF4B-00C04F79EFBC}") = "sas.nfluent.tests", "sas.nfluent.tests\sas.nfluent.tests.csproj", "{415819B3-C24A-442B-A947-AA84F6AF2803}"
EndProject
Project("{FAE04EC0-301F-11D3-BF4B-00C04F79EFBC}") = "sas.configurations.azure", "sas.configurations.azure\sas.configurations.azure.csproj", "{4550C119-7F91-4381-817F-76645242F894}"
EndProject
Project("{2150E333-8FDC-42A3-9474-1A3956D46DE8}") = "samples", "samples", "{14C8B2E5-89EA-4CC2-BE36-B3FCB06CAAF2}"
EndProject
Project("{FAE04EC0-301F-11D3-BF4B-00C04F79EFBC}") = "sample.api", "..\samples\sample.api\sample.api.csproj", "{E83BC121-D0CE-4FC0-AD5D-5A2AAFE2C3A1}"
EndProject
Project("{FAE04EC0-301F-11D3-BF4B-00C04F79EFBC}") = "sample.api.tests.xunit", "..\samples\sample.api.tests.xunit\sample.api.tests.xunit.csproj", "{96CD2646-6EB4-4B45-8DA0-8EE77E4CCFF0}"
EndProject
Project("{2150E333-8FDC-42A3-9474-1A3956D46DE8}") = "Solution Items", "Solution Items", "{62743EA8-0FD6-4A5D-8631-2638D7D9A3A3}"
	ProjectSection(SolutionItems) = preProject
		.gitignore = .gitignore
		Directory.Build.props = Directory.Build.props
		GitVersion.yml = GitVersion.yml
		..\.github\workflows\main.yml = ..\.github\workflows\main.yml
		Directory.Packages.props = Directory.Packages.props
	EndProjectSection
EndProject
Project("{FAE04EC0-301F-11D3-BF4B-00C04F79EFBC}") = "sas.simulators.nsubstitute", "sas.simulators.nsubstitute\sas.simulators.nsubstitute.csproj", "{7B91D34A-5E5A-4E35-A8B1-B31F41C1B5AB}"
EndProject
Project("{FAE04EC0-301F-11D3-BF4B-00C04F79EFBC}") = "sas.simulators.http.nsubstitute", "sas.simulators.http.nsubstitute\sas.simulators.http.nsubstitute.csproj", "{A035D917-A66B-4727-9BD6-660FEA26EE66}"
EndProject
Project("{FAE04EC0-301F-11D3-BF4B-00C04F79EFBC}") = "sample.api.tests.nunit", "..\samples\sample.api.tests.nunit\sample.api.tests.nunit.csproj", "{89EA078A-50EF-4030-A548-04CB67B2C286}"
EndProject
Project("{2150E333-8FDC-42A3-9474-1A3956D46DE8}") = "dependencies", "dependencies", "{D4B55369-70B4-4C77-9AE9-B19CE21FEA53}"
EndProject
Project("{FAE04EC0-301F-11D3-BF4B-00C04F79EFBC}") = "cities.soap", "..\samples\dependencies\cities.soap\cities.soap.csproj", "{C4768E53-A38F-4467-857F-6AA9714D85E7}"
EndProject
Global
	GlobalSection(SolutionConfigurationPlatforms) = preSolution
		Debug|Any CPU = Debug|Any CPU
		Release|Any CPU = Release|Any CPU
	EndGlobalSection
	GlobalSection(SolutionProperties) = preSolution
		HideSolutionNode = FALSE
	EndGlobalSection
	GlobalSection(ProjectConfigurationPlatforms) = postSolution
		{246C8BD5-E944-4740-B7B3-0C87FEA22B6F}.Debug|Any CPU.ActiveCfg = Debug|Any CPU
		{246C8BD5-E944-4740-B7B3-0C87FEA22B6F}.Debug|Any CPU.Build.0 = Debug|Any CPU
		{246C8BD5-E944-4740-B7B3-0C87FEA22B6F}.Release|Any CPU.ActiveCfg = Release|Any CPU
		{246C8BD5-E944-4740-B7B3-0C87FEA22B6F}.Release|Any CPU.Build.0 = Release|Any CPU
		{EC29A3FC-5039-4A5F-B365-49FF9D0D907B}.Debug|Any CPU.ActiveCfg = Debug|Any CPU
		{EC29A3FC-5039-4A5F-B365-49FF9D0D907B}.Debug|Any CPU.Build.0 = Debug|Any CPU
		{EC29A3FC-5039-4A5F-B365-49FF9D0D907B}.Release|Any CPU.ActiveCfg = Release|Any CPU
		{EC29A3FC-5039-4A5F-B365-49FF9D0D907B}.Release|Any CPU.Build.0 = Release|Any CPU
		{9319191D-7369-41E0-BDA7-84093DEA0754}.Debug|Any CPU.ActiveCfg = Debug|Any CPU
		{9319191D-7369-41E0-BDA7-84093DEA0754}.Debug|Any CPU.Build.0 = Debug|Any CPU
		{9319191D-7369-41E0-BDA7-84093DEA0754}.Release|Any CPU.ActiveCfg = Release|Any CPU
		{9319191D-7369-41E0-BDA7-84093DEA0754}.Release|Any CPU.Build.0 = Release|Any CPU
		{52E1B58E-2FED-4C14-888C-75289DA75783}.Debug|Any CPU.ActiveCfg = Debug|Any CPU
		{52E1B58E-2FED-4C14-888C-75289DA75783}.Debug|Any CPU.Build.0 = Debug|Any CPU
		{52E1B58E-2FED-4C14-888C-75289DA75783}.Release|Any CPU.ActiveCfg = Release|Any CPU
		{52E1B58E-2FED-4C14-888C-75289DA75783}.Release|Any CPU.Build.0 = Release|Any CPU
		{FF7F95D5-04D8-4C95-BCDA-ED9F1A3A27A3}.Debug|Any CPU.ActiveCfg = Debug|Any CPU
		{FF7F95D5-04D8-4C95-BCDA-ED9F1A3A27A3}.Debug|Any CPU.Build.0 = Debug|Any CPU
		{FF7F95D5-04D8-4C95-BCDA-ED9F1A3A27A3}.Release|Any CPU.ActiveCfg = Release|Any CPU
		{FF7F95D5-04D8-4C95-BCDA-ED9F1A3A27A3}.Release|Any CPU.Build.0 = Release|Any CPU
		{CDFB8AA3-F40B-405B-BF33-4A2B3BE563E6}.Debug|Any CPU.ActiveCfg = Debug|Any CPU
		{CDFB8AA3-F40B-405B-BF33-4A2B3BE563E6}.Debug|Any CPU.Build.0 = Debug|Any CPU
		{CDFB8AA3-F40B-405B-BF33-4A2B3BE563E6}.Release|Any CPU.ActiveCfg = Release|Any CPU
		{CDFB8AA3-F40B-405B-BF33-4A2B3BE563E6}.Release|Any CPU.Build.0 = Release|Any CPU
		{752D4E48-56D5-4531-85E1-A09E5DEF3C8E}.Debug|Any CPU.ActiveCfg = Debug|Any CPU
		{752D4E48-56D5-4531-85E1-A09E5DEF3C8E}.Debug|Any CPU.Build.0 = Debug|Any CPU
		{752D4E48-56D5-4531-85E1-A09E5DEF3C8E}.Release|Any CPU.ActiveCfg = Release|Any CPU
		{752D4E48-56D5-4531-85E1-A09E5DEF3C8E}.Release|Any CPU.Build.0 = Release|Any CPU
		{415819B3-C24A-442B-A947-AA84F6AF2803}.Debug|Any CPU.ActiveCfg = Debug|Any CPU
		{415819B3-C24A-442B-A947-AA84F6AF2803}.Debug|Any CPU.Build.0 = Debug|Any CPU
		{415819B3-C24A-442B-A947-AA84F6AF2803}.Release|Any CPU.ActiveCfg = Release|Any CPU
		{415819B3-C24A-442B-A947-AA84F6AF2803}.Release|Any CPU.Build.0 = Release|Any CPU
		{4550C119-7F91-4381-817F-76645242F894}.Debug|Any CPU.ActiveCfg = Debug|Any CPU
		{4550C119-7F91-4381-817F-76645242F894}.Debug|Any CPU.Build.0 = Debug|Any CPU
		{4550C119-7F91-4381-817F-76645242F894}.Release|Any CPU.ActiveCfg = Release|Any CPU
		{4550C119-7F91-4381-817F-76645242F894}.Release|Any CPU.Build.0 = Release|Any CPU
		{E83BC121-D0CE-4FC0-AD5D-5A2AAFE2C3A1}.Debug|Any CPU.ActiveCfg = Debug|Any CPU
		{E83BC121-D0CE-4FC0-AD5D-5A2AAFE2C3A1}.Debug|Any CPU.Build.0 = Debug|Any CPU
		{E83BC121-D0CE-4FC0-AD5D-5A2AAFE2C3A1}.Release|Any CPU.ActiveCfg = Release|Any CPU
		{E83BC121-D0CE-4FC0-AD5D-5A2AAFE2C3A1}.Release|Any CPU.Build.0 = Release|Any CPU
		{96CD2646-6EB4-4B45-8DA0-8EE77E4CCFF0}.Debug|Any CPU.ActiveCfg = Debug|Any CPU
		{96CD2646-6EB4-4B45-8DA0-8EE77E4CCFF0}.Debug|Any CPU.Build.0 = Debug|Any CPU
		{96CD2646-6EB4-4B45-8DA0-8EE77E4CCFF0}.Release|Any CPU.ActiveCfg = Release|Any CPU
		{96CD2646-6EB4-4B45-8DA0-8EE77E4CCFF0}.Release|Any CPU.Build.0 = Release|Any CPU
		{7B91D34A-5E5A-4E35-A8B1-B31F41C1B5AB}.Debug|Any CPU.ActiveCfg = Debug|Any CPU
		{7B91D34A-5E5A-4E35-A8B1-B31F41C1B5AB}.Debug|Any CPU.Build.0 = Debug|Any CPU
		{7B91D34A-5E5A-4E35-A8B1-B31F41C1B5AB}.Release|Any CPU.ActiveCfg = Release|Any CPU
		{7B91D34A-5E5A-4E35-A8B1-B31F41C1B5AB}.Release|Any CPU.Build.0 = Release|Any CPU
		{A035D917-A66B-4727-9BD6-660FEA26EE66}.Debug|Any CPU.ActiveCfg = Debug|Any CPU
		{A035D917-A66B-4727-9BD6-660FEA26EE66}.Debug|Any CPU.Build.0 = Debug|Any CPU
		{A035D917-A66B-4727-9BD6-660FEA26EE66}.Release|Any CPU.ActiveCfg = Release|Any CPU
		{A035D917-A66B-4727-9BD6-660FEA26EE66}.Release|Any CPU.Build.0 = Release|Any CPU
		{89EA078A-50EF-4030-A548-04CB67B2C286}.Debug|Any CPU.ActiveCfg = Debug|Any CPU
		{89EA078A-50EF-4030-A548-04CB67B2C286}.Debug|Any CPU.Build.0 = Debug|Any CPU
		{89EA078A-50EF-4030-A548-04CB67B2C286}.Release|Any CPU.ActiveCfg = Release|Any CPU
		{89EA078A-50EF-4030-A548-04CB67B2C286}.Release|Any CPU.Build.0 = Release|Any CPU
		{C4768E53-A38F-4467-857F-6AA9714D85E7}.Debug|Any CPU.ActiveCfg = Debug|Any CPU
		{C4768E53-A38F-4467-857F-6AA9714D85E7}.Debug|Any CPU.Build.0 = Debug|Any CPU
		{C4768E53-A38F-4467-857F-6AA9714D85E7}.Release|Any CPU.ActiveCfg = Release|Any CPU
		{C4768E53-A38F-4467-857F-6AA9714D85E7}.Release|Any CPU.Build.0 = Release|Any CPU
	EndGlobalSection
	GlobalSection(NestedProjects) = preSolution
		{E83BC121-D0CE-4FC0-AD5D-5A2AAFE2C3A1} = {14C8B2E5-89EA-4CC2-BE36-B3FCB06CAAF2}
		{96CD2646-6EB4-4B45-8DA0-8EE77E4CCFF0} = {14C8B2E5-89EA-4CC2-BE36-B3FCB06CAAF2}
		{89EA078A-50EF-4030-A548-04CB67B2C286} = {14C8B2E5-89EA-4CC2-BE36-B3FCB06CAAF2}
		{D4B55369-70B4-4C77-9AE9-B19CE21FEA53} = {14C8B2E5-89EA-4CC2-BE36-B3FCB06CAAF2}
		{C4768E53-A38F-4467-857F-6AA9714D85E7} = {D4B55369-70B4-4C77-9AE9-B19CE21FEA53}
	EndGlobalSection
EndGlobal
